
Microsoft Visual Studio Solution File, Format Version 12.00
# Visual Studio Version 17
VisualStudioVersion = 17.2.32519.379
MinimumVisualStudioVersion = 10.0.40219.1
Project("{9A19103F-16F7-4668-BE54-9A1E7A4F7556}") = "FactoryApp", "PatternRun\FactoryApp.csproj", "{30E3BC8C-E8A2-471D-9453-2E8ECF161DA9}"
EndProject
Project("{2150E333-8FDC-42A3-9474-1A3956D46DE8}") = "FactoryPattern", "FactoryPattern", "{4B21D70E-C345-4DFA-A94D-6C7C63AE1F75}"
EndProject
Project("{9A19103F-16F7-4668-BE54-9A1E7A4F7556}") = "Factory", "Factory\Factory.csproj", "{03B8C762-A837-426D-9363-7209F3808D45}"
EndProject
Project("{2150E333-8FDC-42A3-9474-1A3956D46DE8}") = "SingletonPatten", "SingletonPatten", "{6EAE2A61-B1BC-4FD2-9246-0C90D9ED81F4}"
EndProject
Project("{9A19103F-16F7-4668-BE54-9A1E7A4F7556}") = "Singleton", "Singleton\Singleton.csproj", "{5C53A107-9F34-4DD4-874D-69891570A456}"
EndProject
Project("{9A19103F-16F7-4668-BE54-9A1E7A4F7556}") = "SingletonApp", "SingletonApp\SingletonApp.csproj", "{F76AE830-9C25-436B-A7B4-6102BE3D15F1}"
EndProject
Project("{2150E333-8FDC-42A3-9474-1A3956D46DE8}") = "RepositoryPattern", "RepositoryPattern", "{71EE687C-C546-4855-9C45-1D9389D252A3}"
EndProject
Project("{9A19103F-16F7-4668-BE54-9A1E7A4F7556}") = "Repository", "Repository\Repository.csproj", "{4A7DFCBC-0DA3-45A0-8A8D-2851FAD138D6}"
EndProject
Project("{9A19103F-16F7-4668-BE54-9A1E7A4F7556}") = "RepositoryApp", "RepositoryApp\RepositoryApp.csproj", "{D388F09D-5252-447C-BFD1-605C1094EFCF}"
EndProject
Project("{2150E333-8FDC-42A3-9474-1A3956D46DE8}") = "Mediator", "Mediator", "{631329E2-0ED8-420D-ADC6-B5FAF109C712}"
EndProject
Project("{FAE04EC0-301F-11D3-BF4B-00C04F79EFBC}") = "Mediator", "Mediator\Mediator.csproj", "{D2B5489A-6646-4090-83FB-B542D2FF4487}"
EndProject
Project("{FAE04EC0-301F-11D3-BF4B-00C04F79EFBC}") = "MediatorApp", "MediatorApp\MediatorApp.csproj", "{A59D77B2-130B-49BE-A6A4-5EF2E7752521}"
EndProject
Project("{2150E333-8FDC-42A3-9474-1A3956D46DE8}") = "Proxy", "Proxy", "{017260CD-70D5-4E12-A7AC-697DF902F7DE}"
EndProject
Project("{FAE04EC0-301F-11D3-BF4B-00C04F79EFBC}") = "Proxy", "Proxy\Proxy.csproj", "{C65DFB2F-56E3-4B96-8156-9591E83FDE88}"
EndProject
Project("{FAE04EC0-301F-11D3-BF4B-00C04F79EFBC}") = "ProxyApp", "ProxyApp\ProxyApp.csproj", "{4299753B-9C63-48F5-82B7-57C0A332CE1F}"
EndProject
Global
	GlobalSection(SolutionConfigurationPlatforms) = preSolution
		Debug|Any CPU = Debug|Any CPU
		Release|Any CPU = Release|Any CPU
	EndGlobalSection
	GlobalSection(ProjectConfigurationPlatforms) = postSolution
		{30E3BC8C-E8A2-471D-9453-2E8ECF161DA9}.Debug|Any CPU.ActiveCfg = Debug|Any CPU
		{30E3BC8C-E8A2-471D-9453-2E8ECF161DA9}.Debug|Any CPU.Build.0 = Debug|Any CPU
		{30E3BC8C-E8A2-471D-9453-2E8ECF161DA9}.Release|Any CPU.ActiveCfg = Release|Any CPU
		{30E3BC8C-E8A2-471D-9453-2E8ECF161DA9}.Release|Any CPU.Build.0 = Release|Any CPU
		{03B8C762-A837-426D-9363-7209F3808D45}.Debug|Any CPU.ActiveCfg = Debug|Any CPU
		{03B8C762-A837-426D-9363-7209F3808D45}.Debug|Any CPU.Build.0 = Debug|Any CPU
		{03B8C762-A837-426D-9363-7209F3808D45}.Release|Any CPU.ActiveCfg = Release|Any CPU
		{03B8C762-A837-426D-9363-7209F3808D45}.Release|Any CPU.Build.0 = Release|Any CPU
		{5C53A107-9F34-4DD4-874D-69891570A456}.Debug|Any CPU.ActiveCfg = Debug|Any CPU
		{5C53A107-9F34-4DD4-874D-69891570A456}.Debug|Any CPU.Build.0 = Debug|Any CPU
		{5C53A107-9F34-4DD4-874D-69891570A456}.Release|Any CPU.ActiveCfg = Release|Any CPU
		{5C53A107-9F34-4DD4-874D-69891570A456}.Release|Any CPU.Build.0 = Release|Any CPU
		{F76AE830-9C25-436B-A7B4-6102BE3D15F1}.Debug|Any CPU.ActiveCfg = Debug|Any CPU
		{F76AE830-9C25-436B-A7B4-6102BE3D15F1}.Debug|Any CPU.Build.0 = Debug|Any CPU
		{F76AE830-9C25-436B-A7B4-6102BE3D15F1}.Release|Any CPU.ActiveCfg = Release|Any CPU
		{F76AE830-9C25-436B-A7B4-6102BE3D15F1}.Release|Any CPU.Build.0 = Release|Any CPU
		{4A7DFCBC-0DA3-45A0-8A8D-2851FAD138D6}.Debug|Any CPU.ActiveCfg = Debug|Any CPU
		{4A7DFCBC-0DA3-45A0-8A8D-2851FAD138D6}.Debug|Any CPU.Build.0 = Debug|Any CPU
		{4A7DFCBC-0DA3-45A0-8A8D-2851FAD138D6}.Release|Any CPU.ActiveCfg = Release|Any CPU
		{4A7DFCBC-0DA3-45A0-8A8D-2851FAD138D6}.Release|Any CPU.Build.0 = Release|Any CPU
		{D388F09D-5252-447C-BFD1-605C1094EFCF}.Debug|Any CPU.ActiveCfg = Debug|Any CPU
		{D388F09D-5252-447C-BFD1-605C1094EFCF}.Debug|Any CPU.Build.0 = Debug|Any CPU
		{D388F09D-5252-447C-BFD1-605C1094EFCF}.Release|Any CPU.ActiveCfg = Release|Any CPU
		{D388F09D-5252-447C-BFD1-605C1094EFCF}.Release|Any CPU.Build.0 = Release|Any CPU
		{D2B5489A-6646-4090-83FB-B542D2FF4487}.Debug|Any CPU.ActiveCfg = Debug|Any CPU
		{D2B5489A-6646-4090-83FB-B542D2FF4487}.Debug|Any CPU.Build.0 = Debug|Any CPU
		{D2B5489A-6646-4090-83FB-B542D2FF4487}.Release|Any CPU.ActiveCfg = Release|Any CPU
		{D2B5489A-6646-4090-83FB-B542D2FF4487}.Release|Any CPU.Build.0 = Release|Any CPU
		{A59D77B2-130B-49BE-A6A4-5EF2E7752521}.Debug|Any CPU.ActiveCfg = Debug|Any CPU
		{A59D77B2-130B-49BE-A6A4-5EF2E7752521}.Debug|Any CPU.Build.0 = Debug|Any CPU
		{A59D77B2-130B-49BE-A6A4-5EF2E7752521}.Release|Any CPU.ActiveCfg = Release|Any CPU
		{A59D77B2-130B-49BE-A6A4-5EF2E7752521}.Release|Any CPU.Build.0 = Release|Any CPU
		{C65DFB2F-56E3-4B96-8156-9591E83FDE88}.Debug|Any CPU.ActiveCfg = Debug|Any CPU
		{C65DFB2F-56E3-4B96-8156-9591E83FDE88}.Debug|Any CPU.Build.0 = Debug|Any CPU
		{C65DFB2F-56E3-4B96-8156-9591E83FDE88}.Release|Any CPU.ActiveCfg = Release|Any CPU
		{C65DFB2F-56E3-4B96-8156-9591E83FDE88}.Release|Any CPU.Build.0 = Release|Any CPU
		{4299753B-9C63-48F5-82B7-57C0A332CE1F}.Debug|Any CPU.ActiveCfg = Debug|Any CPU
		{4299753B-9C63-48F5-82B7-57C0A332CE1F}.Debug|Any CPU.Build.0 = Debug|Any CPU
		{4299753B-9C63-48F5-82B7-57C0A332CE1F}.Release|Any CPU.ActiveCfg = Release|Any CPU
		{4299753B-9C63-48F5-82B7-57C0A332CE1F}.Release|Any CPU.Build.0 = Release|Any CPU
	EndGlobalSection
	GlobalSection(SolutionProperties) = preSolution
		HideSolutionNode = FALSE
	EndGlobalSection
	GlobalSection(NestedProjects) = preSolution
		{30E3BC8C-E8A2-471D-9453-2E8ECF161DA9} = {4B21D70E-C345-4DFA-A94D-6C7C63AE1F75}
		{03B8C762-A837-426D-9363-7209F3808D45} = {4B21D70E-C345-4DFA-A94D-6C7C63AE1F75}
		{5C53A107-9F34-4DD4-874D-69891570A456} = {6EAE2A61-B1BC-4FD2-9246-0C90D9ED81F4}
		{F76AE830-9C25-436B-A7B4-6102BE3D15F1} = {6EAE2A61-B1BC-4FD2-9246-0C90D9ED81F4}
		{4A7DFCBC-0DA3-45A0-8A8D-2851FAD138D6} = {71EE687C-C546-4855-9C45-1D9389D252A3}
		{D388F09D-5252-447C-BFD1-605C1094EFCF} = {71EE687C-C546-4855-9C45-1D9389D252A3}
		{D2B5489A-6646-4090-83FB-B542D2FF4487} = {631329E2-0ED8-420D-ADC6-B5FAF109C712}
		{A59D77B2-130B-49BE-A6A4-5EF2E7752521} = {631329E2-0ED8-420D-ADC6-B5FAF109C712}
		{C65DFB2F-56E3-4B96-8156-9591E83FDE88} = {017260CD-70D5-4E12-A7AC-697DF902F7DE}
		{4299753B-9C63-48F5-82B7-57C0A332CE1F} = {017260CD-70D5-4E12-A7AC-697DF902F7DE}
	EndGlobalSection
	GlobalSection(ExtensibilityGlobals) = postSolution
		SolutionGuid = {573DC928-C4BC-43C5-BB3A-4E81F7202E12}
	EndGlobalSection
EndGlobal
